
Microsoft Visual Studio Solution File, Format Version 12.00
# Visual Studio Version 17
VisualStudioVersion = 17.3.32922.545
MinimumVisualStudioVersion = 10.0.40219.1
Project("{FAE04EC0-301F-11D3-BF4B-00C04F79EFBC}") = "KinderGarten", "KinderGarten.csproj", "{C0235ACC-915D-4DA2-A0F5-82DDF49B94B1}"
EndProject
Global
	GlobalSection(SolutionConfigurationPlatforms) = preSolution
		Debug|Any CPU = Debug|Any CPU
		Release|Any CPU = Release|Any CPU
	EndGlobalSection
	GlobalSection(ProjectConfigurationPlatforms) = postSolution
		{C0235ACC-915D-4DA2-A0F5-82DDF49B94B1}.Debug|Any CPU.ActiveCfg = Debug|Any CPU
		{C0235ACC-915D-4DA2-A0F5-82DDF49B94B1}.Debug|Any CPU.Build.0 = Debug|Any CPU
		{C0235ACC-915D-4DA2-A0F5-82DDF49B94B1}.Release|Any CPU.ActiveCfg = Release|Any CPU
		{C0235ACC-915D-4DA2-A0F5-82DDF49B94B1}.Release|Any CPU.Build.0 = Release|Any CPU
	EndGlobalSection
	GlobalSection(SolutionProperties) = preSolution
		HideSolutionNode = FALSE
	EndGlobalSection
	GlobalSection(ExtensibilityGlobals) = postSolution
		SolutionGuid = {AC3DBFB4-4391-4C59-AD20-7958FA18681F}
	EndGlobalSection
EndGlobal
